{
  "name": "HTML",
  "lockfileVersion": 2,
  "requires": true,
  "packages": {
    "": {
      "devDependencies": {
        "@sbj42/maze-generator-backtrack": "^0.1.6"
      }
    },
    "node_modules/@sbj42/maze-generator": {
      "version": "2.0.6",
      "resolved": "https://registry.npmjs.org/@sbj42/maze-generator/-/maze-generator-2.0.6.tgz",
      "integrity": "sha512-pukNwxHt9WQycAmNsTAJ9nWe/EwmcPYdyUw0/aO/Sv0bISL1r2VAGtNI+6q97ncAKoB9M6eKRxyXJwUrMPvAzw==",
      "dev": true,
      "peer": true,
      "dependencies": {
        "@sbj42/maze-generator-core": "^0.1.4"
      }
    },
    "node_modules/@sbj42/maze-generator-backtrack": {
      "version": "0.1.6",
      "resolved": "https://registry.npmjs.org/@sbj42/maze-generator-backtrack/-/maze-generator-backtrack-0.1.6.tgz",
      "integrity": "sha512-yBkS7JcSWdDghtJnVm1wqU0knw0mWgOd7vBytxC/zGIL1UOtz6GkNzwd2SaFh+OsOxud3ffNtWtUns7DtV+Ndg==",
      "dev": true,
      "dependencies": {
        "@sbj42/maze-generator-core": "^0.1.4"
      },
      "peerDependencies": {
        "@sbj42/maze-generator": "^2.0.3"
      }
    },
    "node_modules/@sbj42/maze-generator-core": {
      "version": "0.1.4",
      "resolved": "https://registry.npmjs.org/@sbj42/maze-generator-core/-/maze-generator-core-0.1.4.tgz",
      "integrity": "sha512-Aq6TmfJJAOkKwn+QEhZsfb30ZTAgBanIOm7P6mvfSwFhhmsdDyMPX52n27+XkL7e71d4oa4vvILzPkq7MbczIg==",
      "dev": true
    }
  },
  "dependencies": {
    "@sbj42/maze-generator": {
      "version": "2.0.6",
      "resolved": "https://registry.npmjs.org/@sbj42/maze-generator/-/maze-generator-2.0.6.tgz",
      "integrity": "sha512-pukNwxHt9WQycAmNsTAJ9nWe/EwmcPYdyUw0/aO/Sv0bISL1r2VAGtNI+6q97ncAKoB9M6eKRxyXJwUrMPvAzw==",
      "dev": true,
      "peer": true,
      "requires": {
        "@sbj42/maze-generator-core": "^0.1.4"
      }
    },
    "@sbj42/maze-generator-backtrack": {
      "version": "0.1.6",
      "resolved": "https://registry.npmjs.org/@sbj42/maze-generator-backtrack/-/maze-generator-backtrack-0.1.6.tgz",
      "integrity": "sha512-yBkS7JcSWdDghtJnVm1wqU0knw0mWgOd7vBytxC/zGIL1UOtz6GkNzwd2SaFh+OsOxud3ffNtWtUns7DtV+Ndg==",
      "dev": true,
      "requires": {
        "@sbj42/maze-generator-core": "^0.1.4"
      }
    },
    "@sbj42/maze-generator-core": {
      "version": "0.1.4",
      "resolved": "https://registry.npmjs.org/@sbj42/maze-generator-core/-/maze-generator-core-0.1.4.tgz",
      "integrity": "sha512-Aq6TmfJJAOkKwn+QEhZsfb30ZTAgBanIOm7P6mvfSwFhhmsdDyMPX52n27+XkL7e71d4oa4vvILzPkq7MbczIg==",
      "dev": true
    }
  }
}
